// !$*UTF8*$!
{
	archiveVersion = 1;
	classes = {
	};
	objectVersion = 56;
	objects = {

/* Begin PBXBuildFile section */
		AA8D4BA429BF773E00F415AF /* RoadsterModel.swift in Sources */ = {isa = PBXBuildFile; fileRef = AA8D4BA329BF773E00F415AF /* RoadsterModel.swift */; };
		AA8D4BA929BF87F500F415AF /* RoadstarPresenter.swift in Sources */ = {isa = PBXBuildFile; fileRef = AA8D4BA829BF87F500F415AF /* RoadstarPresenter.swift */; };
		AA8D4BAB29BF894100F415AF /* RoadsterViewModel.swift in Sources */ = {isa = PBXBuildFile; fileRef = AA8D4BAA29BF894100F415AF /* RoadsterViewModel.swift */; };
		AA8D4BAD29BFC1EA00F415AF /* RoadsterView.swift in Sources */ = {isa = PBXBuildFile; fileRef = AA8D4BAC29BFC1EA00F415AF /* RoadsterView.swift */; };
		AACA350A29BC03020013F3E7 /* SpaceXApp.swift in Sources */ = {isa = PBXBuildFile; fileRef = AACA350929BC03020013F3E7 /* SpaceXApp.swift */; };
		AACA350E29BC03040013F3E7 /* Assets.xcassets in Resources */ = {isa = PBXBuildFile; fileRef = AACA350D29BC03040013F3E7 /* Assets.xcassets */; };
		AACA351129BC03040013F3E7 /* Preview Assets.xcassets in Resources */ = {isa = PBXBuildFile; fileRef = AACA351029BC03040013F3E7 /* Preview Assets.xcassets */; };
		AACA352E29BC03300013F3E7 /* RockectModel.swift in Sources */ = {isa = PBXBuildFile; fileRef = AACA351829BC03300013F3E7 /* RockectModel.swift */; };
		AACA352F29BC03300013F3E7 /* LaunchModel.swift in Sources */ = {isa = PBXBuildFile; fileRef = AACA351929BC03300013F3E7 /* LaunchModel.swift */; };
		AACA353029BC03300013F3E7 /* HomeView.swift in Sources */ = {isa = PBXBuildFile; fileRef = AACA351B29BC03300013F3E7 /* HomeView.swift */; };
		AACA353129BC03300013F3E7 /* LaunchesView.swift in Sources */ = {isa = PBXBuildFile; fileRef = AACA351D29BC03300013F3E7 /* LaunchesView.swift */; };
		AACA353229BC03300013F3E7 /* LaunchesCell.swift in Sources */ = {isa = PBXBuildFile; fileRef = AACA351E29BC03300013F3E7 /* LaunchesCell.swift */; };
		AACA353329BC03300013F3E7 /* LaunchesPresenter.swift in Sources */ = {isa = PBXBuildFile; fileRef = AACA351F29BC03300013F3E7 /* LaunchesPresenter.swift */; };
		AACA353429BC03300013F3E7 /* LaunchesViewModel.swift in Sources */ = {isa = PBXBuildFile; fileRef = AACA352029BC03300013F3E7 /* LaunchesViewModel.swift */; };
		AACA353529BC03300013F3E7 /* Preview Assets.xcassets in Resources */ = {isa = PBXBuildFile; fileRef = AACA352229BC03300013F3E7 /* Preview Assets.xcassets */; };
		AACA353629BC03300013F3E7 /* Service.swift in Sources */ = {isa = PBXBuildFile; fileRef = AACA352429BC03300013F3E7 /* Service.swift */; };
		AACA353729BC03300013F3E7 /* RocketPresenter.swift in Sources */ = {isa = PBXBuildFile; fileRef = AACA352629BC03300013F3E7 /* RocketPresenter.swift */; };
		AACA353829BC03300013F3E7 /* RocketCell.swift in Sources */ = {isa = PBXBuildFile; fileRef = AACA352729BC03300013F3E7 /* RocketCell.swift */; };
		AACA353929BC03300013F3E7 /* RocketsViewModel.swift in Sources */ = {isa = PBXBuildFile; fileRef = AACA352829BC03300013F3E7 /* RocketsViewModel.swift */; };
		AACA353A29BC03300013F3E7 /* RocketsView.swift in Sources */ = {isa = PBXBuildFile; fileRef = AACA352929BC03300013F3E7 /* RocketsView.swift */; };
		AACA353B29BC03300013F3E7 /* LaunchesDetailViewModel.swift in Sources */ = {isa = PBXBuildFile; fileRef = AACA352B29BC03300013F3E7 /* LaunchesDetailViewModel.swift */; };
		AACA353C29BC03300013F3E7 /* LaunchesDetailView.swift in Sources */ = {isa = PBXBuildFile; fileRef = AACA352C29BC03300013F3E7 /* LaunchesDetailView.swift */; };
		AACA353D29BC03300013F3E7 /* LauncheDetailPresenter.swift in Sources */ = {isa = PBXBuildFile; fileRef = AACA352D29BC03300013F3E7 /* LauncheDetailPresenter.swift */; };
		AACA354329BC03E50013F3E7 /* Kingfisher in Frameworks */ = {isa = PBXBuildFile; productRef = AACA354229BC03E50013F3E7 /* Kingfisher */; };
/* End PBXBuildFile section */

/* Begin PBXFileReference section */
		AA8D4BA329BF773E00F415AF /* RoadsterModel.swift */ = {isa = PBXFileReference; lastKnownFileType = sourcecode.swift; path = RoadsterModel.swift; sourceTree = "<group>"; };
		AA8D4BA829BF87F500F415AF /* RoadstarPresenter.swift */ = {isa = PBXFileReference; lastKnownFileType = sourcecode.swift; name = RoadstarPresenter.swift; path = ../../../../../ABDALLAE/Documents/SpaceXApp/SpaceXApp/Roadster/RoadstarPresenter.swift; sourceTree = "<group>"; };
		AA8D4BAA29BF894100F415AF /* RoadsterViewModel.swift */ = {isa = PBXFileReference; lastKnownFileType = sourcecode.swift; name = RoadsterViewModel.swift; path = ../../../../../ABDALLAE/Documents/SpaceXApp/SpaceXApp/Roadster/RoadsterViewModel.swift; sourceTree = "<group>"; };
		AA8D4BAC29BFC1EA00F415AF /* RoadsterView.swift */ = {isa = PBXFileReference; lastKnownFileType = sourcecode.swift; name = RoadsterView.swift; path = ../../../../../ABDALLAE/Documents/SpaceXApp/SpaceXApp/Roadster/RoadsterView.swift; sourceTree = "<group>"; };
		AACA350629BC03020013F3E7 /* SpaceXApp.app */ = {isa = PBXFileReference; explicitFileType = wrapper.application; includeInIndex = 0; path = SpaceXApp.app; sourceTree = BUILT_PRODUCTS_DIR; };
		AACA350929BC03020013F3E7 /* SpaceXApp.swift */ = {isa = PBXFileReference; lastKnownFileType = sourcecode.swift; path = SpaceXApp.swift; sourceTree = "<group>"; };
		AACA350D29BC03040013F3E7 /* Assets.xcassets */ = {isa = PBXFileReference; lastKnownFileType = folder.assetcatalog; path = Assets.xcassets; sourceTree = "<group>"; };
		AACA351029BC03040013F3E7 /* Preview Assets.xcassets */ = {isa = PBXFileReference; lastKnownFileType = folder.assetcatalog; path = "Preview Assets.xcassets"; sourceTree = "<group>"; };
		AACA351829BC03300013F3E7 /* RockectModel.swift */ = {isa = PBXFileReference; fileEncoding = 4; lastKnownFileType = sourcecode.swift; path = RockectModel.swift; sourceTree = "<group>"; };
		AACA351929BC03300013F3E7 /* LaunchModel.swift */ = {isa = PBXFileReference; fileEncoding = 4; lastKnownFileType = sourcecode.swift; path = LaunchModel.swift; sourceTree = "<group>"; };
		AACA351B29BC03300013F3E7 /* HomeView.swift */ = {isa = PBXFileReference; fileEncoding = 4; lastKnownFileType = sourcecode.swift; path = HomeView.swift; sourceTree = "<group>"; };
		AACA351D29BC03300013F3E7 /* LaunchesView.swift */ = {isa = PBXFileReference; fileEncoding = 4; lastKnownFileType = sourcecode.swift; path = LaunchesView.swift; sourceTree = "<group>"; };
		AACA351E29BC03300013F3E7 /* LaunchesCell.swift */ = {isa = PBXFileReference; fileEncoding = 4; lastKnownFileType = sourcecode.swift; path = LaunchesCell.swift; sourceTree = "<group>"; };
		AACA351F29BC03300013F3E7 /* LaunchesPresenter.swift */ = {isa = PBXFileReference; fileEncoding = 4; lastKnownFileType = sourcecode.swift; path = LaunchesPresenter.swift; sourceTree = "<group>"; };
		AACA352029BC03300013F3E7 /* LaunchesViewModel.swift */ = {isa = PBXFileReference; fileEncoding = 4; lastKnownFileType = sourcecode.swift; path = LaunchesViewModel.swift; sourceTree = "<group>"; };
		AACA352229BC03300013F3E7 /* Preview Assets.xcassets */ = {isa = PBXFileReference; lastKnownFileType = folder.assetcatalog; path = "Preview Assets.xcassets"; sourceTree = "<group>"; };
		AACA352429BC03300013F3E7 /* Service.swift */ = {isa = PBXFileReference; fileEncoding = 4; lastKnownFileType = sourcecode.swift; path = Service.swift; sourceTree = "<group>"; };
		AACA352629BC03300013F3E7 /* RocketPresenter.swift */ = {isa = PBXFileReference; fileEncoding = 4; lastKnownFileType = sourcecode.swift; path = RocketPresenter.swift; sourceTree = "<group>"; };
		AACA352729BC03300013F3E7 /* RocketCell.swift */ = {isa = PBXFileReference; fileEncoding = 4; lastKnownFileType = sourcecode.swift; path = RocketCell.swift; sourceTree = "<group>"; };
		AACA352829BC03300013F3E7 /* RocketsViewModel.swift */ = {isa = PBXFileReference; fileEncoding = 4; lastKnownFileType = sourcecode.swift; path = RocketsViewModel.swift; sourceTree = "<group>"; };
		AACA352929BC03300013F3E7 /* RocketsView.swift */ = {isa = PBXFileReference; fileEncoding = 4; lastKnownFileType = sourcecode.swift; path = RocketsView.swift; sourceTree = "<group>"; };
		AACA352B29BC03300013F3E7 /* LaunchesDetailViewModel.swift */ = {isa = PBXFileReference; fileEncoding = 4; lastKnownFileType = sourcecode.swift; path = LaunchesDetailViewModel.swift; sourceTree = "<group>"; };
		AACA352C29BC03300013F3E7 /* LaunchesDetailView.swift */ = {isa = PBXFileReference; fileEncoding = 4; lastKnownFileType = sourcecode.swift; path = LaunchesDetailView.swift; sourceTree = "<group>"; };
		AACA352D29BC03300013F3E7 /* LauncheDetailPresenter.swift */ = {isa = PBXFileReference; fileEncoding = 4; lastKnownFileType = sourcecode.swift; path = LauncheDetailPresenter.swift; sourceTree = "<group>"; };
/* End PBXFileReference section */

/* Begin PBXFrameworksBuildPhase section */
		AACA350329BC03020013F3E7 /* Frameworks */ = {
			isa = PBXFrameworksBuildPhase;
			buildActionMask = 2147483647;
			files = (
				AACA354329BC03E50013F3E7 /* Kingfisher in Frameworks */,
			);
			runOnlyForDeploymentPostprocessing = 0;
		};
/* End PBXFrameworksBuildPhase section */

/* Begin PBXGroup section */
		AA87497429C0F96200AB9DC9 /* Packages */ = {
			isa = PBXGroup;
			children = (
			);
			name = Packages;
			sourceTree = "<group>";
		};
		AA8D4BA529BF77AF00F415AF /* Roadster */ = {
			isa = PBXGroup;
			children = (
				AA8D4BA829BF87F500F415AF /* RoadstarPresenter.swift */,
				AA8D4BAA29BF894100F415AF /* RoadsterViewModel.swift */,
				AA8D4BAC29BFC1EA00F415AF /* RoadsterView.swift */,
			);
			path = Roadster;
			sourceTree = "<group>";
		};
		AACA34FD29BC03020013F3E7 = {
			isa = PBXGroup;
			children = (
				AA87497429C0F96200AB9DC9 /* Packages */,
				AACA350829BC03020013F3E7 /* SpaceXApp */,
				AACA350729BC03020013F3E7 /* Products */,
				AAEBD1ED29C0FFA00003D83C /* Frameworks */,
			);
			sourceTree = "<group>";
		};
		AACA350729BC03020013F3E7 /* Products */ = {
			isa = PBXGroup;
			children = (
				AACA350629BC03020013F3E7 /* SpaceXApp.app */,
			);
			name = Products;
			sourceTree = "<group>";
		};
		AACA350829BC03020013F3E7 /* SpaceXApp */ = {
			isa = PBXGroup;
			children = (
				AA8D4BA529BF77AF00F415AF /* Roadster */,
				AACA351A29BC03300013F3E7 /* Home */,
				AACA351C29BC03300013F3E7 /* Launches */,
				AACA352A29BC03300013F3E7 /* LaunchesDetail */,
				AACA351729BC03300013F3E7 /* Models */,
				AACA352329BC03300013F3E7 /* Networking */,
				AACA352129BC03300013F3E7 /* Preview Content */,
				AACA352529BC03300013F3E7 /* Rocket */,
				AACA350929BC03020013F3E7 /* SpaceXApp.swift */,
				AACA350D29BC03040013F3E7 /* Assets.xcassets */,
				AACA350F29BC03040013F3E7 /* Preview Content */,
			);
			path = SpaceXApp;
			sourceTree = "<group>";
		};
		AACA350F29BC03040013F3E7 /* Preview Content */ = {
			isa = PBXGroup;
			children = (
				AACA351029BC03040013F3E7 /* Preview Assets.xcassets */,
			);
			path = "Preview Content";
			sourceTree = "<group>";
		};
		AACA351729BC03300013F3E7 /* Models */ = {
			isa = PBXGroup;
			children = (
				AACA351829BC03300013F3E7 /* RockectModel.swift */,
				AA8D4BA329BF773E00F415AF /* RoadsterModel.swift */,
				AACA351929BC03300013F3E7 /* LaunchModel.swift */,
			);
			path = Models;
			sourceTree = "<group>";
		};
		AACA351A29BC03300013F3E7 /* Home */ = {
			isa = PBXGroup;
			children = (
				AACA351B29BC03300013F3E7 /* HomeView.swift */,
			);
			path = Home;
			sourceTree = "<group>";
		};
		AACA351C29BC03300013F3E7 /* Launches */ = {
			isa = PBXGroup;
			children = (
				AACA351D29BC03300013F3E7 /* LaunchesView.swift */,
				AACA351E29BC03300013F3E7 /* LaunchesCell.swift */,
				AACA351F29BC03300013F3E7 /* LaunchesPresenter.swift */,
				AACA352029BC03300013F3E7 /* LaunchesViewModel.swift */,
			);
			path = Launches;
			sourceTree = "<group>";
		};
		AACA352129BC03300013F3E7 /* Preview Content */ = {
			isa = PBXGroup;
			children = (
				AACA352229BC03300013F3E7 /* Preview Assets.xcassets */,
			);
			name = "Preview Content";
			path = "../../SpaceXLaunchersViewer/SpaceXLaunchersViewer/Preview Content";
			sourceTree = "<group>";
		};
		AACA352329BC03300013F3E7 /* Networking */ = {
			isa = PBXGroup;
			children = (
				AACA352429BC03300013F3E7 /* Service.swift */,
			);
			path = Networking;
			sourceTree = "<group>";
		};
		AACA352529BC03300013F3E7 /* Rocket */ = {
			isa = PBXGroup;
			children = (
				AACA352629BC03300013F3E7 /* RocketPresenter.swift */,
				AACA352729BC03300013F3E7 /* RocketCell.swift */,
				AACA352829BC03300013F3E7 /* RocketsViewModel.swift */,
				AACA352929BC03300013F3E7 /* RocketsView.swift */,
			);
			path = Rocket;
			sourceTree = "<group>";
		};
		AACA352A29BC03300013F3E7 /* LaunchesDetail */ = {
			isa = PBXGroup;
			children = (
				AACA352B29BC03300013F3E7 /* LaunchesDetailViewModel.swift */,
				AACA352C29BC03300013F3E7 /* LaunchesDetailView.swift */,
				AACA352D29BC03300013F3E7 /* LauncheDetailPresenter.swift */,
			);
			path = LaunchesDetail;
			sourceTree = "<group>";
		};
		AAEBD1ED29C0FFA00003D83C /* Frameworks */ = {
			isa = PBXGroup;
			children = (
			);
			name = Frameworks;
			sourceTree = "<group>";
		};
/* End PBXGroup section */

/* Begin PBXNativeTarget section */
		AACA350529BC03020013F3E7 /* SpaceXApp */ = {
			isa = PBXNativeTarget;
			buildConfigurationList = AACA351429BC03040013F3E7 /* Build configuration list for PBXNativeTarget "SpaceXApp" */;
			buildPhases = (
				AACA350229BC03020013F3E7 /* Sources */,
				AACA350329BC03020013F3E7 /* Frameworks */,
				AACA350429BC03020013F3E7 /* Resources */,
			);
			buildRules = (
			);
			dependencies = (
			);
			name = SpaceXApp;
			packageProductDependencies = (
				AACA354229BC03E50013F3E7 /* Kingfisher */,
			);
			productName = SpaceXApp;
			productReference = AACA350629BC03020013F3E7 /* SpaceXApp.app */;
			productType = "com.apple.product-type.application";
		};
/* End PBXNativeTarget section */

/* Begin PBXProject section */
		AACA34FE29BC03020013F3E7 /* Project object */ = {
			isa = PBXProject;
			attributes = {
				BuildIndependentTargetsInParallel = 1;
				LastSwiftUpdateCheck = 1420;
				LastUpgradeCheck = 1420;
				TargetAttributes = {
					AACA350529BC03020013F3E7 = {
						CreatedOnToolsVersion = 14.2;
					};
				};
			};
			buildConfigurationList = AACA350129BC03020013F3E7 /* Build configuration list for PBXProject "SpaceXApp" */;
			compatibilityVersion = "Xcode 14.0";
			developmentRegion = en;
			hasScannedForEncodings = 0;
			knownRegions = (
				en,
				Base,
			);
			mainGroup = AACA34FD29BC03020013F3E7;
			packageReferences = (
				AACA353E29BC03C70013F3E7 /* XCRemoteSwiftPackageReference "Alamofire" */,
				AACA354129BC03E50013F3E7 /* XCRemoteSwiftPackageReference "Kingfisher" */,
			);
			productRefGroup = AACA350729BC03020013F3E7 /* Products */;
			projectDirPath = "";
			projectRoot = "";
			targets = (
				AACA350529BC03020013F3E7 /* SpaceXApp */,
			);
		};
/* End PBXProject section */

/* Begin PBXResourcesBuildPhase section */
		AACA350429BC03020013F3E7 /* Resources */ = {
			isa = PBXResourcesBuildPhase;
			buildActionMask = 2147483647;
			files = (
				AACA351129BC03040013F3E7 /* Preview Assets.xcassets in Resources */,
				AACA353529BC03300013F3E7 /* Preview Assets.xcassets in Resources */,
				AACA350E29BC03040013F3E7 /* Assets.xcassets in Resources */,
			);
			runOnlyForDeploymentPostprocessing = 0;
		};
/* End PBXResourcesBuildPhase section */

/* Begin PBXSourcesBuildPhase section */
		AACA350229BC03020013F3E7 /* Sources */ = {
			isa = PBXSourcesBuildPhase;
			buildActionMask = 2147483647;
			files = (
				AACA352F29BC03300013F3E7 /* LaunchModel.swift in Sources */,
				AA8D4BA929BF87F500F415AF /* RoadstarPresenter.swift in Sources */,
				AACA352E29BC03300013F3E7 /* RockectModel.swift in Sources */,
				AACA353429BC03300013F3E7 /* LaunchesViewModel.swift in Sources */,
				AA8D4BAD29BFC1EA00F415AF /* RoadsterView.swift in Sources */,
				AACA353C29BC03300013F3E7 /* LaunchesDetailView.swift in Sources */,
				AACA353A29BC03300013F3E7 /* RocketsView.swift in Sources */,
				AACA353729BC03300013F3E7 /* RocketPresenter.swift in Sources */,
				AACA353229BC03300013F3E7 /* LaunchesCell.swift in Sources */,
				AACA353129BC03300013F3E7 /* LaunchesView.swift in Sources */,
				AA8D4BAB29BF894100F415AF /* RoadsterViewModel.swift in Sources */,
				AACA353829BC03300013F3E7 /* RocketCell.swift in Sources */,
				AACA353329BC03300013F3E7 /* LaunchesPresenter.swift in Sources */,
				AACA353D29BC03300013F3E7 /* LauncheDetailPresenter.swift in Sources */,
				AA8D4BA429BF773E00F415AF /* RoadsterModel.swift in Sources */,
				AACA353629BC03300013F3E7 /* Service.swift in Sources */,
				AACA353929BC03300013F3E7 /* RocketsViewModel.swift in Sources */,
				AACA353029BC03300013F3E7 /* HomeView.swift in Sources */,
				AACA350A29BC03020013F3E7 /* SpaceXApp.swift in Sources */,
				AACA353B29BC03300013F3E7 /* LaunchesDetailViewModel.swift in Sources */,
			);
			runOnlyForDeploymentPostprocessing = 0;
		};
/* End PBXSourcesBuildPhase section */

/* Begin XCBuildConfiguration section */
		AACA351229BC03040013F3E7 /* Debug */ = {
			isa = XCBuildConfiguration;
			buildSettings = {
				ALWAYS_SEARCH_USER_PATHS = NO;
				CLANG_ANALYZER_NONNULL = YES;
				CLANG_ANALYZER_NUMBER_OBJECT_CONVERSION = YES_AGGRESSIVE;
				CLANG_CXX_LANGUAGE_STANDARD = "gnu++20";
				CLANG_ENABLE_MODULES = YES;
				CLANG_ENABLE_OBJC_ARC = YES;
				CLANG_ENABLE_OBJC_WEAK = YES;
				CLANG_WARN_BLOCK_CAPTURE_AUTORELEASING = YES;
				CLANG_WARN_BOOL_CONVERSION = YES;
				CLANG_WARN_COMMA = YES;
				CLANG_WARN_CONSTANT_CONVERSION = YES;
				CLANG_WARN_DEPRECATED_OBJC_IMPLEMENTATIONS = YES;
				CLANG_WARN_DIRECT_OBJC_ISA_USAGE = YES_ERROR;
				CLANG_WARN_DOCUMENTATION_COMMENTS = YES;
				CLANG_WARN_EMPTY_BODY = YES;
				CLANG_WARN_ENUM_CONVERSION = YES;
				CLANG_WARN_INFINITE_RECURSION = YES;
				CLANG_WARN_INT_CONVERSION = YES;
				CLANG_WARN_NON_LITERAL_NULL_CONVERSION = YES;
				CLANG_WARN_OBJC_IMPLICIT_RETAIN_SELF = YES;
				CLANG_WARN_OBJC_LITERAL_CONVERSION = YES;
				CLANG_WARN_OBJC_ROOT_CLASS = YES_ERROR;
				CLANG_WARN_QUOTED_INCLUDE_IN_FRAMEWORK_HEADER = YES;
				CLANG_WARN_RANGE_LOOP_ANALYSIS = YES;
				CLANG_WARN_STRICT_PROTOTYPES = YES;
				CLANG_WARN_SUSPICIOUS_MOVE = YES;
				CLANG_WARN_UNGUARDED_AVAILABILITY = YES_AGGRESSIVE;
				CLANG_WARN_UNREACHABLE_CODE = YES;
				CLANG_WARN__DUPLICATE_METHOD_MATCH = YES;
				COPY_PHASE_STRIP = NO;
				DEBUG_INFORMATION_FORMAT = dwarf;
				ENABLE_STRICT_OBJC_MSGSEND = YES;
				ENABLE_TESTABILITY = YES;
				GCC_C_LANGUAGE_STANDARD = gnu11;
				GCC_DYNAMIC_NO_PIC = NO;
				GCC_NO_COMMON_BLOCKS = YES;
				GCC_OPTIMIZATION_LEVEL = 0;
				GCC_PREPROCESSOR_DEFINITIONS = (
					"DEBUG=1",
					"$(inherited)",
				);
				GCC_WARN_64_TO_32_BIT_CONVERSION = YES;
				GCC_WARN_ABOUT_RETURN_TYPE = YES_ERROR;
				GCC_WARN_UNDECLARED_SELECTOR = YES;
				GCC_WARN_UNINITIALIZED_AUTOS = YES_AGGRESSIVE;
				GCC_WARN_UNUSED_FUNCTION = YES;
				GCC_WARN_UNUSED_VARIABLE = YES;
				IPHONEOS_DEPLOYMENT_TARGET = 16.2;
				MTL_ENABLE_DEBUG_INFO = INCLUDE_SOURCE;
				MTL_FAST_MATH = YES;
				ONLY_ACTIVE_ARCH = YES;
				SDKROOT = iphoneos;
				SWIFT_ACTIVE_COMPILATION_CONDITIONS = DEBUG;
				SWIFT_OPTIMIZATION_LEVEL = "-Onone";
			};
			name = Debug;
		};
		AACA351329BC03040013F3E7 /* Release */ = {
			isa = XCBuildConfiguration;
			buildSettings = {
				ALWAYS_SEARCH_USER_PATHS = NO;
				CLANG_ANALYZER_NONNULL = YES;
				CLANG_ANALYZER_NUMBER_OBJECT_CONVERSION = YES_AGGRESSIVE;
				CLANG_CXX_LANGUAGE_STANDARD = "gnu++20";
				CLANG_ENABLE_MODULES = YES;
				CLANG_ENABLE_OBJC_ARC = YES;
				CLANG_ENABLE_OBJC_WEAK = YES;
				CLANG_WARN_BLOCK_CAPTURE_AUTORELEASING = YES;
				CLANG_WARN_BOOL_CONVERSION = YES;
				CLANG_WARN_COMMA = YES;
				CLANG_WARN_CONSTANT_CONVERSION = YES;
				CLANG_WARN_DEPRECATED_OBJC_IMPLEMENTATIONS = YES;
				CLANG_WARN_DIRECT_OBJC_ISA_USAGE = YES_ERROR;
				CLANG_WARN_DOCUMENTATION_COMMENTS = YES;
				CLANG_WARN_EMPTY_BODY = YES;
				CLANG_WARN_ENUM_CONVERSION = YES;
				CLANG_WARN_INFINITE_RECURSION = YES;
				CLANG_WARN_INT_CONVERSION = YES;
				CLANG_WARN_NON_LITERAL_NULL_CONVERSION = YES;
				CLANG_WARN_OBJC_IMPLICIT_RETAIN_SELF = YES;
				CLANG_WARN_OBJC_LITERAL_CONVERSION = YES;
				CLANG_WARN_OBJC_ROOT_CLASS = YES_ERROR;
				CLANG_WARN_QUOTED_INCLUDE_IN_FRAMEWORK_HEADER = YES;
				CLANG_WARN_RANGE_LOOP_ANALYSIS = YES;
				CLANG_WARN_STRICT_PROTOTYPES = YES;
				CLANG_WARN_SUSPICIOUS_MOVE = YES;
				CLANG_WARN_UNGUARDED_AVAILABILITY = YES_AGGRESSIVE;
				CLANG_WARN_UNREACHABLE_CODE = YES;
				CLANG_WARN__DUPLICATE_METHOD_MATCH = YES;
				COPY_PHASE_STRIP = NO;
				DEBUG_INFORMATION_FORMAT = "dwarf-with-dsym";
				ENABLE_NS_ASSERTIONS = NO;
				ENABLE_STRICT_OBJC_MSGSEND = YES;
				GCC_C_LANGUAGE_STANDARD = gnu11;
				GCC_NO_COMMON_BLOCKS = YES;
				GCC_WARN_64_TO_32_BIT_CONVERSION = YES;
				GCC_WARN_ABOUT_RETURN_TYPE = YES_ERROR;
				GCC_WARN_UNDECLARED_SELECTOR = YES;
				GCC_WARN_UNINITIALIZED_AUTOS = YES_AGGRESSIVE;
				GCC_WARN_UNUSED_FUNCTION = YES;
				GCC_WARN_UNUSED_VARIABLE = YES;
				IPHONEOS_DEPLOYMENT_TARGET = 16.2;
				MTL_ENABLE_DEBUG_INFO = NO;
				MTL_FAST_MATH = YES;
				SDKROOT = iphoneos;
				SWIFT_COMPILATION_MODE = wholemodule;
				SWIFT_OPTIMIZATION_LEVEL = "-O";
				VALIDATE_PRODUCT = YES;
			};
			name = Release;
		};
		AACA351529BC03040013F3E7 /* Debug */ = {
			isa = XCBuildConfiguration;
			buildSettings = {
				ASSETCATALOG_COMPILER_APPICON_NAME = AppIcon;
				ASSETCATALOG_COMPILER_GLOBAL_ACCENT_COLOR_NAME = AccentColor;
				CODE_SIGN_STYLE = Automatic;
				CURRENT_PROJECT_VERSION = 1;
				DEVELOPMENT_ASSET_PATHS = "\"SpaceXApp/Preview Content\"";
				DEVELOPMENT_TEAM = 8AH542872W;
				ENABLE_PREVIEWS = YES;
				GENERATE_INFOPLIST_FILE = YES;
				INFOPLIST_KEY_UIApplicationSceneManifest_Generation = YES;
				INFOPLIST_KEY_UIApplicationSupportsIndirectInputEvents = YES;
				INFOPLIST_KEY_UILaunchScreen_Generation = YES;
				INFOPLIST_KEY_UISupportedInterfaceOrientations_iPad = "UIInterfaceOrientationPortrait UIInterfaceOrientationPortraitUpsideDown UIInterfaceOrientationLandscapeLeft UIInterfaceOrientationLandscapeRight";
				INFOPLIST_KEY_UISupportedInterfaceOrientations_iPhone = "UIInterfaceOrientationPortrait UIInterfaceOrientationLandscapeLeft UIInterfaceOrientationLandscapeRight";
				LD_RUNPATH_SEARCH_PATHS = (
					"$(inherited)",
					"@executable_path/Frameworks",
				);
				MARKETING_VERSION = 1.0;
				PRODUCT_BUNDLE_IDENTIFIER = make.com.SpaceXApp;
				PRODUCT_NAME = "$(TARGET_NAME)";
				SWIFT_EMIT_LOC_STRINGS = YES;
				SWIFT_VERSION = 5.0;
				TARGETED_DEVICE_FAMILY = "1,2";
			};
			name = Debug;
		};
		AACA351629BC03040013F3E7 /* Release */ = {
			isa = XCBuildConfiguration;
			buildSettings = {
				ASSETCATALOG_COMPILER_APPICON_NAME = AppIcon;
				ASSETCATALOG_COMPILER_GLOBAL_ACCENT_COLOR_NAME = AccentColor;
				CODE_SIGN_STYLE = Automatic;
				CURRENT_PROJECT_VERSION = 1;
				DEVELOPMENT_ASSET_PATHS = "\"SpaceXApp/Preview Content\"";
				DEVELOPMENT_TEAM = 8AH542872W;
				ENABLE_PREVIEWS = YES;
				GENERATE_INFOPLIST_FILE = YES;
				INFOPLIST_KEY_UIApplicationSceneManifest_Generation = YES;
				INFOPLIST_KEY_UIApplicationSupportsIndirectInputEvents = YES;
				INFOPLIST_KEY_UILaunchScreen_Generation = YES;
				INFOPLIST_KEY_UISupportedInterfaceOrientations_iPad = "UIInterfaceOrientationPortrait UIInterfaceOrientationPortraitUpsideDown UIInterfaceOrientationLandscapeLeft UIInterfaceOrientationLandscapeRight";
				INFOPLIST_KEY_UISupportedInterfaceOrientations_iPhone = "UIInterfaceOrientationPortrait UIInterfaceOrientationLandscapeLeft UIInterfaceOrientationLandscapeRight";
				LD_RUNPATH_SEARCH_PATHS = (
					"$(inherited)",
					"@executable_path/Frameworks",
				);
				MARKETING_VERSION = 1.0;
				PRODUCT_BUNDLE_IDENTIFIER = make.com.SpaceXApp;
				PRODUCT_NAME = "$(TARGET_NAME)";
				SWIFT_EMIT_LOC_STRINGS = YES;
				SWIFT_VERSION = 5.0;
				TARGETED_DEVICE_FAMILY = "1,2";
			};
			name = Release;
		};
/* End XCBuildConfiguration section */

/* Begin XCConfigurationList section */
		AACA350129BC03020013F3E7 /* Build configuration list for PBXProject "SpaceXApp" */ = {
			isa = XCConfigurationList;
			buildConfigurations = (
				AACA351229BC03040013F3E7 /* Debug */,
				AACA351329BC03040013F3E7 /* Release */,
			);
			defaultConfigurationIsVisible = 0;
			defaultConfigurationName = Release;
		};
		AACA351429BC03040013F3E7 /* Build configuration list for PBXNativeTarget "SpaceXApp" */ = {
			isa = XCConfigurationList;
			buildConfigurations = (
				AACA351529BC03040013F3E7 /* Debug */,
				AACA351629BC03040013F3E7 /* Release */,
			);
			defaultConfigurationIsVisible = 0;
			defaultConfigurationName = Release;
		};
/* End XCConfigurationList section */

/* Begin XCRemoteSwiftPackageReference section */
		AACA353E29BC03C70013F3E7 /* XCRemoteSwiftPackageReference "Alamofire" */ = {
			isa = XCRemoteSwiftPackageReference;
			repositoryURL = "https://github.com/Alamofire/Alamofire.git";
			requirement = {
				branch = master;
				kind = branch;
			};
		};
		AACA354129BC03E50013F3E7 /* XCRemoteSwiftPackageReference "Kingfisher" */ = {
			isa = XCRemoteSwiftPackageReference;
			repositoryURL = "https://github.com/onevcat/Kingfisher.git";
			requirement = {
				branch = master;
				kind = branch;
			};
		};
/* End XCRemoteSwiftPackageReference section */

/* Begin XCSwiftPackageProductDependency section */
		AACA354229BC03E50013F3E7 /* Kingfisher */ = {
			isa = XCSwiftPackageProductDependency;
			package = AACA354129BC03E50013F3E7 /* XCRemoteSwiftPackageReference "Kingfisher" */;
			productName = Kingfisher;
		};
/* End XCSwiftPackageProductDependency section */
	};
	rootObject = AACA34FE29BC03020013F3E7 /* Project object */;
}
